
Microsoft Visual Studio Solution File, Format Version 12.00
# Visual Studio Version 16
VisualStudioVersion = 16.0.29123.88
MinimumVisualStudioVersion = 10.0.40219.1
Project("{FAE04EC0-301F-11D3-BF4B-00C04F79EFBC}") = "WPFDemo", "WPFDemo\WPFDemo.csproj", "{B348A94B-9C31-4F6E-9F2E-80014AF1047E}"
EndProject
Global
	GlobalSection(SolutionConfigurationPlatforms) = preSolution
		Debug|Any CPU = Debug|Any CPU
		Release|Any CPU = Release|Any CPU
	EndGlobalSection
	GlobalSection(ProjectConfigurationPlatforms) = postSolution
		{B348A94B-9C31-4F6E-9F2E-80014AF1047E}.Debug|Any CPU.ActiveCfg = Debug|Any CPU
		{B348A94B-9C31-4F6E-9F2E-80014AF1047E}.Debug|Any CPU.Build.0 = Debug|Any CPU
		{B348A94B-9C31-4F6E-9F2E-80014AF1047E}.Release|Any CPU.ActiveCfg = Release|Any CPU
		{B348A94B-9C31-4F6E-9F2E-80014AF1047E}.Release|Any CPU.Build.0 = Release|Any CPU
	EndGlobalSection
	GlobalSection(SolutionProperties) = preSolution
		HideSolutionNode = FALSE
	EndGlobalSection
	GlobalSection(ExtensibilityGlobals) = postSolution
		SolutionGuid = {465AAE3A-CCD0-45D9-BE82-50B921BCD2E4}
	EndGlobalSection
EndGlobal
